
Microsoft Visual Studio Solution File, Format Version 12.00
# Visual Studio 15
VisualStudioVersion = 15.0.28010.2050
MinimumVisualStudioVersion = 10.0.40219.1
Project("{FAE04EC0-301F-11D3-BF4B-00C04F79EFBC}") = "RSSFeedReader", "RSSFeedReader\RSSFeedReader.csproj", "{4C5B44AD-6421-41C4-9623-078F0E0D0AAC}"
EndProject
Global
	GlobalSection(SolutionConfigurationPlatforms) = preSolution
		Debug|Any CPU = Debug|Any CPU
		Release|Any CPU = Release|Any CPU
	EndGlobalSection
	GlobalSection(ProjectConfigurationPlatforms) = postSolution
		{4C5B44AD-6421-41C4-9623-078F0E0D0AAC}.Debug|Any CPU.ActiveCfg = Debug|Any CPU
		{4C5B44AD-6421-41C4-9623-078F0E0D0AAC}.Debug|Any CPU.Build.0 = Debug|Any CPU
		{4C5B44AD-6421-41C4-9623-078F0E0D0AAC}.Release|Any CPU.ActiveCfg = Release|Any CPU
		{4C5B44AD-6421-41C4-9623-078F0E0D0AAC}.Release|Any CPU.Build.0 = Release|Any CPU
	EndGlobalSection
	GlobalSection(SolutionProperties) = preSolution
		HideSolutionNode = FALSE
	EndGlobalSection
	GlobalSection(ExtensibilityGlobals) = postSolution
		SolutionGuid = {FC3DEA35-AB0C-42C5-827D-6F7D88347D84}
	EndGlobalSection
EndGlobal
